// !$*UTF8*$!
{
	archiveVersion = 1;
	classes = {
	};
	objectVersion = 55;
	objects = {

/* Begin PBXBuildFile section */
		847B459327D5D8C3006B790F /* AppDelegate.swift in Sources */ = {isa = PBXBuildFile; fileRef = 847B459227D5D8C3006B790F /* AppDelegate.swift */; };
		847B459527D5D8C3006B790F /* SceneDelegate.swift in Sources */ = {isa = PBXBuildFile; fileRef = 847B459427D5D8C3006B790F /* SceneDelegate.swift */; };
		847B459727D5D8C3006B790F /* ViewController.swift in Sources */ = {isa = PBXBuildFile; fileRef = 847B459627D5D8C3006B790F /* ViewController.swift */; };
		847B459A27D5D8C3006B790F /* Main.storyboard in Resources */ = {isa = PBXBuildFile; fileRef = 847B459827D5D8C3006B790F /* Main.storyboard */; };
		847B459C27D5D8C5006B790F /* Assets.xcassets in Resources */ = {isa = PBXBuildFile; fileRef = 847B459B27D5D8C5006B790F /* Assets.xcassets */; };
		847B459F27D5D8C5006B790F /* LaunchScreen.storyboard in Resources */ = {isa = PBXBuildFile; fileRef = 847B459D27D5D8C5006B790F /* LaunchScreen.storyboard */; };
		847B45AA27D5D8C5006B790F /* CounterTests.swift in Sources */ = {isa = PBXBuildFile; fileRef = 847B45A927D5D8C5006B790F /* CounterTests.swift */; };
		847B45B427D5D8C5006B790F /* CounterUITests.swift in Sources */ = {isa = PBXBuildFile; fileRef = 847B45B327D5D8C5006B790F /* CounterUITests.swift */; };
		847B45B627D5D8C5006B790F /* CounterUITestsLaunchTests.swift in Sources */ = {isa = PBXBuildFile; fileRef = 847B45B527D5D8C5006B790F /* CounterUITestsLaunchTests.swift */; };
		847B45C427D5D8DC006B790F /* Then in Frameworks */ = {isa = PBXBuildFile; productRef = 847B45C327D5D8DC006B790F /* Then */; };
		847B45C727D5D8FC006B790F /* SnapKit-Dynamic in Frameworks */ = {isa = PBXBuildFile; productRef = 847B45C627D5D8FC006B790F /* SnapKit-Dynamic */; };
/* End PBXBuildFile section */

/* Begin PBXContainerItemProxy section */
		847B45A627D5D8C5006B790F /* PBXContainerItemProxy */ = {
			isa = PBXContainerItemProxy;
			containerPortal = 847B458727D5D8C3006B790F /* Project object */;
			proxyType = 1;
			remoteGlobalIDString = 847B458E27D5D8C3006B790F;
			remoteInfo = Counter;
		};
		847B45B027D5D8C5006B790F /* PBXContainerItemProxy */ = {
			isa = PBXContainerItemProxy;
			containerPortal = 847B458727D5D8C3006B790F /* Project object */;
			proxyType = 1;
			remoteGlobalIDString = 847B458E27D5D8C3006B790F;
			remoteInfo = Counter;
		};
/* End PBXContainerItemProxy section */

/* Begin PBXFileReference section */
		847B458F27D5D8C3006B790F /* Counter.app */ = {isa = PBXFileReference; explicitFileType = wrapper.application; includeInIndex = 0; path = Counter.app; sourceTree = BUILT_PRODUCTS_DIR; };
		847B459227D5D8C3006B790F /* AppDelegate.swift */ = {isa = PBXFileReference; lastKnownFileType = sourcecode.swift; path = AppDelegate.swift; sourceTree = "<group>"; };
		847B459427D5D8C3006B790F /* SceneDelegate.swift */ = {isa = PBXFileReference; lastKnownFileType = sourcecode.swift; path = SceneDelegate.swift; sourceTree = "<group>"; };
		847B459627D5D8C3006B790F /* ViewController.swift */ = {isa = PBXFileReference; lastKnownFileType = sourcecode.swift; path = ViewController.swift; sourceTree = "<group>"; };
		847B459927D5D8C3006B790F /* Base */ = {isa = PBXFileReference; lastKnownFileType = file.storyboard; name = Base; path = Base.lproj/Main.storyboard; sourceTree = "<group>"; };
		847B459B27D5D8C5006B790F /* Assets.xcassets */ = {isa = PBXFileReference; lastKnownFileType = folder.assetcatalog; path = Assets.xcassets; sourceTree = "<group>"; };
		847B459E27D5D8C5006B790F /* Base */ = {isa = PBXFileReference; lastKnownFileType = file.storyboard; name = Base; path = Base.lproj/LaunchScreen.storyboard; sourceTree = "<group>"; };
		847B45A027D5D8C5006B790F /* Info.plist */ = {isa = PBXFileReference; lastKnownFileType = text.plist.xml; path = Info.plist; sourceTree = "<group>"; };
		847B45A527D5D8C5006B790F /* CounterTests.xctest */ = {isa = PBXFileReference; explicitFileType = wrapper.cfbundle; includeInIndex = 0; path = CounterTests.xctest; sourceTree = BUILT_PRODUCTS_DIR; };
		847B45A927D5D8C5006B790F /* CounterTests.swift */ = {isa = PBXFileReference; lastKnownFileType = sourcecode.swift; path = CounterTests.swift; sourceTree = "<group>"; };
		847B45AF27D5D8C5006B790F /* CounterUITests.xctest */ = {isa = PBXFileReference; explicitFileType = wrapper.cfbundle; includeInIndex = 0; path = CounterUITests.xctest; sourceTree = BUILT_PRODUCTS_DIR; };
		847B45B327D5D8C5006B790F /* CounterUITests.swift */ = {isa = PBXFileReference; lastKnownFileType = sourcecode.swift; path = CounterUITests.swift; sourceTree = "<group>"; };
		847B45B527D5D8C5006B790F /* CounterUITestsLaunchTests.swift */ = {isa = PBXFileReference; lastKnownFileType = sourcecode.swift; path = CounterUITestsLaunchTests.swift; sourceTree = "<group>"; };
/* End PBXFileReference section */

/* Begin PBXFrameworksBuildPhase section */
		847B458C27D5D8C3006B790F /* Frameworks */ = {
			isa = PBXFrameworksBuildPhase;
			buildActionMask = 2147483647;
			files = (
				847B45C427D5D8DC006B790F /* Then in Frameworks */,
				847B45C727D5D8FC006B790F /* SnapKit-Dynamic in Frameworks */,
			);
			runOnlyForDeploymentPostprocessing = 0;
		};
		847B45A227D5D8C5006B790F /* Frameworks */ = {
			isa = PBXFrameworksBuildPhase;
			buildActionMask = 2147483647;
			files = (
			);
			runOnlyForDeploymentPostprocessing = 0;
		};
		847B45AC27D5D8C5006B790F /* Frameworks */ = {
			isa = PBXFrameworksBuildPhase;
			buildActionMask = 2147483647;
			files = (
			);
			runOnlyForDeploymentPostprocessing = 0;
		};
/* End PBXFrameworksBuildPhase section */

/* Begin PBXGroup section */
		847B458627D5D8C3006B790F = {
			isa = PBXGroup;
			children = (
				847B459127D5D8C3006B790F /* Counter */,
				847B45A827D5D8C5006B790F /* CounterTests */,
				847B45B227D5D8C5006B790F /* CounterUITests */,
				847B459027D5D8C3006B790F /* Products */,
			);
			sourceTree = "<group>";
		};
		847B459027D5D8C3006B790F /* Products */ = {
			isa = PBXGroup;
			children = (
				847B458F27D5D8C3006B790F /* Counter.app */,
				847B45A527D5D8C5006B790F /* CounterTests.xctest */,
				847B45AF27D5D8C5006B790F /* CounterUITests.xctest */,
			);
			name = Products;
			sourceTree = "<group>";
		};
		847B459127D5D8C3006B790F /* Counter */ = {
			isa = PBXGroup;
			children = (
				847B459227D5D8C3006B790F /* AppDelegate.swift */,
				847B459427D5D8C3006B790F /* SceneDelegate.swift */,
				847B459627D5D8C3006B790F /* ViewController.swift */,
				847B459827D5D8C3006B790F /* Main.storyboard */,
				847B459B27D5D8C5006B790F /* Assets.xcassets */,
				847B459D27D5D8C5006B790F /* LaunchScreen.storyboard */,
				847B45A027D5D8C5006B790F /* Info.plist */,
			);
			path = Counter;
			sourceTree = "<group>";
		};
		847B45A827D5D8C5006B790F /* CounterTests */ = {
			isa = PBXGroup;
			children = (
				847B45A927D5D8C5006B790F /* CounterTests.swift */,
			);
			path = CounterTests;
			sourceTree = "<group>";
		};
		847B45B227D5D8C5006B790F /* CounterUITests */ = {
			isa = PBXGroup;
			children = (
				847B45B327D5D8C5006B790F /* CounterUITests.swift */,
				847B45B527D5D8C5006B790F /* CounterUITestsLaunchTests.swift */,
			);
			path = CounterUITests;
			sourceTree = "<group>";
		};
/* End PBXGroup section */

/* Begin PBXNativeTarget section */
		847B458E27D5D8C3006B790F /* Counter */ = {
			isa = PBXNativeTarget;
			buildConfigurationList = 847B45B927D5D8C5006B790F /* Build configuration list for PBXNativeTarget "Counter" */;
			buildPhases = (
				847B458B27D5D8C3006B790F /* Sources */,
				847B458C27D5D8C3006B790F /* Frameworks */,
				847B458D27D5D8C3006B790F /* Resources */,
			);
			buildRules = (
			);
			dependencies = (
			);
			name = Counter;
			packageProductDependencies = (
				847B45C327D5D8DC006B790F /* Then */,
				847B45C627D5D8FC006B790F /* SnapKit-Dynamic */,
			);
			productName = Counter;
			productReference = 847B458F27D5D8C3006B790F /* Counter.app */;
			productType = "com.apple.product-type.application";
		};
		847B45A427D5D8C5006B790F /* CounterTests */ = {
			isa = PBXNativeTarget;
			buildConfigurationList = 847B45BC27D5D8C5006B790F /* Build configuration list for PBXNativeTarget "CounterTests" */;
			buildPhases = (
				847B45A127D5D8C5006B790F /* Sources */,
				847B45A227D5D8C5006B790F /* Frameworks */,
				847B45A327D5D8C5006B790F /* Resources */,
			);
			buildRules = (
			);
			dependencies = (
				847B45A727D5D8C5006B790F /* PBXTargetDependency */,
			);
			name = CounterTests;
			productName = CounterTests;
			productReference = 847B45A527D5D8C5006B790F /* CounterTests.xctest */;
			productType = "com.apple.product-type.bundle.unit-test";
		};
		847B45AE27D5D8C5006B790F /* CounterUITests */ = {
			isa = PBXNativeTarget;
			buildConfigurationList = 847B45BF27D5D8C5006B790F /* Build configuration list for PBXNativeTarget "CounterUITests" */;
			buildPhases = (
				847B45AB27D5D8C5006B790F /* Sources */,
				847B45AC27D5D8C5006B790F /* Frameworks */,
				847B45AD27D5D8C5006B790F /* Resources */,
			);
			buildRules = (
			);
			dependencies = (
				847B45B127D5D8C5006B790F /* PBXTargetDependency */,
			);
			name = CounterUITests;
			productName = CounterUITests;
			productReference = 847B45AF27D5D8C5006B790F /* CounterUITests.xctest */;
			productType = "com.apple.product-type.bundle.ui-testing";
		};
/* End PBXNativeTarget section */

/* Begin PBXProject section */
		847B458727D5D8C3006B790F /* Project object */ = {
			isa = PBXProject;
			attributes = {
				BuildIndependentTargetsInParallel = 1;
				LastSwiftUpdateCheck = 1320;
				LastUpgradeCheck = 1320;
				TargetAttributes = {
					847B458E27D5D8C3006B790F = {
						CreatedOnToolsVersion = 13.2.1;
					};
					847B45A427D5D8C5006B790F = {
						CreatedOnToolsVersion = 13.2.1;
						TestTargetID = 847B458E27D5D8C3006B790F;
					};
					847B45AE27D5D8C5006B790F = {
						CreatedOnToolsVersion = 13.2.1;
						TestTargetID = 847B458E27D5D8C3006B790F;
					};
				};
			};
			buildConfigurationList = 847B458A27D5D8C3006B790F /* Build configuration list for PBXProject "Counter" */;
			compatibilityVersion = "Xcode 13.0";
			developmentRegion = en;
			hasScannedForEncodings = 0;
			knownRegions = (
				en,
				Base,
			);
			mainGroup = 847B458627D5D8C3006B790F;
			packageReferences = (
				847B45C227D5D8DC006B790F /* XCRemoteSwiftPackageReference "Then" */,
				847B45C527D5D8FC006B790F /* XCRemoteSwiftPackageReference "SnapKit" */,
			);
			productRefGroup = 847B459027D5D8C3006B790F /* Products */;
			projectDirPath = "";
			projectRoot = "";
			targets = (
				847B458E27D5D8C3006B790F /* Counter */,
				847B45A427D5D8C5006B790F /* CounterTests */,
				847B45AE27D5D8C5006B790F /* CounterUITests */,
			);
		};
/* End PBXProject section */

/* Begin PBXResourcesBuildPhase section */
		847B458D27D5D8C3006B790F /* Resources */ = {
			isa = PBXResourcesBuildPhase;
			buildActionMask = 2147483647;
			files = (
				847B459F27D5D8C5006B790F /* LaunchScreen.storyboard in Resources */,
				847B459C27D5D8C5006B790F /* Assets.xcassets in Resources */,
				847B459A27D5D8C3006B790F /* Main.storyboard in Resources */,
			);
			runOnlyForDeploymentPostprocessing = 0;
		};
		847B45A327D5D8C5006B790F /* Resources */ = {
			isa = PBXResourcesBuildPhase;
			buildActionMask = 2147483647;
			files = (
			);
			runOnlyForDeploymentPostprocessing = 0;
		};
		847B45AD27D5D8C5006B790F /* Resources */ = {
			isa = PBXResourcesBuildPhase;
			buildActionMask = 2147483647;
			files = (
			);
			runOnlyForDeploymentPostprocessing = 0;
		};
/* End PBXResourcesBuildPhase section */

/* Begin PBXSourcesBuildPhase section */
		847B458B27D5D8C3006B790F /* Sources */ = {
			isa = PBXSourcesBuildPhase;
			buildActionMask = 2147483647;
			files = (
				847B459727D5D8C3006B790F /* ViewController.swift in Sources */,
				847B459327D5D8C3006B790F /* AppDelegate.swift in Sources */,
				847B459527D5D8C3006B790F /* SceneDelegate.swift in Sources */,
			);
			runOnlyForDeploymentPostprocessing = 0;
		};
		847B45A127D5D8C5006B790F /* Sources */ = {
			isa = PBXSourcesBuildPhase;
			buildActionMask = 2147483647;
			files = (
				847B45AA27D5D8C5006B790F /* CounterTests.swift in Sources */,
			);
			runOnlyForDeploymentPostprocessing = 0;
		};
		847B45AB27D5D8C5006B790F /* Sources */ = {
			isa = PBXSourcesBuildPhase;
			buildActionMask = 2147483647;
			files = (
				847B45B427D5D8C5006B790F /* CounterUITests.swift in Sources */,
				847B45B627D5D8C5006B790F /* CounterUITestsLaunchTests.swift in Sources */,
			);
			runOnlyForDeploymentPostprocessing = 0;
		};
/* End PBXSourcesBuildPhase section */

/* Begin PBXTargetDependency section */
		847B45A727D5D8C5006B790F /* PBXTargetDependency */ = {
			isa = PBXTargetDependency;
			target = 847B458E27D5D8C3006B790F /* Counter */;
			targetProxy = 847B45A627D5D8C5006B790F /* PBXContainerItemProxy */;
		};
		847B45B127D5D8C5006B790F /* PBXTargetDependency */ = {
			isa = PBXTargetDependency;
			target = 847B458E27D5D8C3006B790F /* Counter */;
			targetProxy = 847B45B027D5D8C5006B790F /* PBXContainerItemProxy */;
		};
/* End PBXTargetDependency section */

/* Begin PBXVariantGroup section */
		847B459827D5D8C3006B790F /* Main.storyboard */ = {
			isa = PBXVariantGroup;
			children = (
				847B459927D5D8C3006B790F /* Base */,
			);
			name = Main.storyboard;
			sourceTree = "<group>";
		};
		847B459D27D5D8C5006B790F /* LaunchScreen.storyboard */ = {
			isa = PBXVariantGroup;
			children = (
				847B459E27D5D8C5006B790F /* Base */,
			);
			name = LaunchScreen.storyboard;
			sourceTree = "<group>";
		};
/* End PBXVariantGroup section */

/* Begin XCBuildConfiguration section */
		847B45B727D5D8C5006B790F /* Debug */ = {
			isa = XCBuildConfiguration;
			buildSettings = {
				ALWAYS_SEARCH_USER_PATHS = NO;
				CLANG_ANALYZER_NONNULL = YES;
				CLANG_ANALYZER_NUMBER_OBJECT_CONVERSION = YES_AGGRESSIVE;
				CLANG_CXX_LANGUAGE_STANDARD = "gnu++17";
				CLANG_CXX_LIBRARY = "libc++";
				CLANG_ENABLE_MODULES = YES;
				CLANG_ENABLE_OBJC_ARC = YES;
				CLANG_ENABLE_OBJC_WEAK = YES;
				CLANG_WARN_BLOCK_CAPTURE_AUTORELEASING = YES;
				CLANG_WARN_BOOL_CONVERSION = YES;
				CLANG_WARN_COMMA = YES;
				CLANG_WARN_CONSTANT_CONVERSION = YES;
				CLANG_WARN_DEPRECATED_OBJC_IMPLEMENTATIONS = YES;
				CLANG_WARN_DIRECT_OBJC_ISA_USAGE = YES_ERROR;
				CLANG_WARN_DOCUMENTATION_COMMENTS = YES;
				CLANG_WARN_EMPTY_BODY = YES;
				CLANG_WARN_ENUM_CONVERSION = YES;
				CLANG_WARN_INFINITE_RECURSION = YES;
				CLANG_WARN_INT_CONVERSION = YES;
				CLANG_WARN_NON_LITERAL_NULL_CONVERSION = YES;
				CLANG_WARN_OBJC_IMPLICIT_RETAIN_SELF = YES;
				CLANG_WARN_OBJC_LITERAL_CONVERSION = YES;
				CLANG_WARN_OBJC_ROOT_CLASS = YES_ERROR;
				CLANG_WARN_QUOTED_INCLUDE_IN_FRAMEWORK_HEADER = YES;
				CLANG_WARN_RANGE_LOOP_ANALYSIS = YES;
				CLANG_WARN_STRICT_PROTOTYPES = YES;
				CLANG_WARN_SUSPICIOUS_MOVE = YES;
				CLANG_WARN_UNGUARDED_AVAILABILITY = YES_AGGRESSIVE;
				CLANG_WARN_UNREACHABLE_CODE = YES;
				CLANG_WARN__DUPLICATE_METHOD_MATCH = YES;
				COPY_PHASE_STRIP = NO;
				DEBUG_INFORMATION_FORMAT = dwarf;
				ENABLE_STRICT_OBJC_MSGSEND = YES;
				ENABLE_TESTABILITY = YES;
				GCC_C_LANGUAGE_STANDARD = gnu11;
				GCC_DYNAMIC_NO_PIC = NO;
				GCC_NO_COMMON_BLOCKS = YES;
				GCC_OPTIMIZATION_LEVEL = 0;
				GCC_PREPROCESSOR_DEFINITIONS = (
					"DEBUG=1",
					"$(inherited)",
				);
				GCC_WARN_64_TO_32_BIT_CONVERSION = YES;
				GCC_WARN_ABOUT_RETURN_TYPE = YES_ERROR;
				GCC_WARN_UNDECLARED_SELECTOR = YES;
				GCC_WARN_UNINITIALIZED_AUTOS = YES_AGGRESSIVE;
				GCC_WARN_UNUSED_FUNCTION = YES;
				GCC_WARN_UNUSED_VARIABLE = YES;
				IPHONEOS_DEPLOYMENT_TARGET = 15.2;
				MTL_ENABLE_DEBUG_INFO = INCLUDE_SOURCE;
				MTL_FAST_MATH = YES;
				ONLY_ACTIVE_ARCH = YES;
				SDKROOT = iphoneos;
				SWIFT_ACTIVE_COMPILATION_CONDITIONS = DEBUG;
				SWIFT_OPTIMIZATION_LEVEL = "-Onone";
			};
			name = Debug;
		};
		847B45B827D5D8C5006B790F /* Release */ = {
			isa = XCBuildConfiguration;
			buildSettings = {
				ALWAYS_SEARCH_USER_PATHS = NO;
				CLANG_ANALYZER_NONNULL = YES;
				CLANG_ANALYZER_NUMBER_OBJECT_CONVERSION = YES_AGGRESSIVE;
				CLANG_CXX_LANGUAGE_STANDARD = "gnu++17";
				CLANG_CXX_LIBRARY = "libc++";
				CLANG_ENABLE_MODULES = YES;
				CLANG_ENABLE_OBJC_ARC = YES;
				CLANG_ENABLE_OBJC_WEAK = YES;
				CLANG_WARN_BLOCK_CAPTURE_AUTORELEASING = YES;
				CLANG_WARN_BOOL_CONVERSION = YES;
				CLANG_WARN_COMMA = YES;
				CLANG_WARN_CONSTANT_CONVERSION = YES;
				CLANG_WARN_DEPRECATED_OBJC_IMPLEMENTATIONS = YES;
				CLANG_WARN_DIRECT_OBJC_ISA_USAGE = YES_ERROR;
				CLANG_WARN_DOCUMENTATION_COMMENTS = YES;
				CLANG_WARN_EMPTY_BODY = YES;
				CLANG_WARN_ENUM_CONVERSION = YES;
				CLANG_WARN_INFINITE_RECURSION = YES;
				CLANG_WARN_INT_CONVERSION = YES;
				CLANG_WARN_NON_LITERAL_NULL_CONVERSION = YES;
				CLANG_WARN_OBJC_IMPLICIT_RETAIN_SELF = YES;
				CLANG_WARN_OBJC_LITERAL_CONVERSION = YES;
				CLANG_WARN_OBJC_ROOT_CLASS = YES_ERROR;
				CLANG_WARN_QUOTED_INCLUDE_IN_FRAMEWORK_HEADER = YES;
				CLANG_WARN_RANGE_LOOP_ANALYSIS = YES;
				CLANG_WARN_STRICT_PROTOTYPES = YES;
				CLANG_WARN_SUSPICIOUS_MOVE = YES;
				CLANG_WARN_UNGUARDED_AVAILABILITY = YES_AGGRESSIVE;
				CLANG_WARN_UNREACHABLE_CODE = YES;
				CLANG_WARN__DUPLICATE_METHOD_MATCH = YES;
				COPY_PHASE_STRIP = NO;
				DEBUG_INFORMATION_FORMAT = "dwarf-with-dsym";
				ENABLE_NS_ASSERTIONS = NO;
				ENABLE_STRICT_OBJC_MSGSEND = YES;
				GCC_C_LANGUAGE_STANDARD = gnu11;
				GCC_NO_COMMON_BLOCKS = YES;
				GCC_WARN_64_TO_32_BIT_CONVERSION = YES;
				GCC_WARN_ABOUT_RETURN_TYPE = YES_ERROR;
				GCC_WARN_UNDECLARED_SELECTOR = YES;
				GCC_WARN_UNINITIALIZED_AUTOS = YES_AGGRESSIVE;
				GCC_WARN_UNUSED_FUNCTION = YES;
				GCC_WARN_UNUSED_VARIABLE = YES;
				IPHONEOS_DEPLOYMENT_TARGET = 15.2;
				MTL_ENABLE_DEBUG_INFO = NO;
				MTL_FAST_MATH = YES;
				SDKROOT = iphoneos;
				SWIFT_COMPILATION_MODE = wholemodule;
				SWIFT_OPTIMIZATION_LEVEL = "-O";
				VALIDATE_PRODUCT = YES;
			};
			name = Release;
		};
		847B45BA27D5D8C5006B790F /* Debug */ = {
			isa = XCBuildConfiguration;
			buildSettings = {
				ASSETCATALOG_COMPILER_APPICON_NAME = AppIcon;
				ASSETCATALOG_COMPILER_GLOBAL_ACCENT_COLOR_NAME = AccentColor;
				CODE_SIGN_STYLE = Automatic;
				CURRENT_PROJECT_VERSION = 1;
				GENERATE_INFOPLIST_FILE = YES;
				INFOPLIST_FILE = Counter/Info.plist;
				INFOPLIST_KEY_UIApplicationSupportsIndirectInputEvents = YES;
				INFOPLIST_KEY_UILaunchStoryboardName = LaunchScreen;
				INFOPLIST_KEY_UIMainStoryboardFile = Main;
				INFOPLIST_KEY_UISupportedInterfaceOrientations_iPad = "UIInterfaceOrientationPortrait UIInterfaceOrientationPortraitUpsideDown UIInterfaceOrientationLandscapeLeft UIInterfaceOrientationLandscapeRight";
				INFOPLIST_KEY_UISupportedInterfaceOrientations_iPhone = "UIInterfaceOrientationPortrait UIInterfaceOrientationLandscapeLeft UIInterfaceOrientationLandscapeRight";
				LD_RUNPATH_SEARCH_PATHS = (
					"$(inherited)",
					"@executable_path/Frameworks",
				);
				MARKETING_VERSION = 1.0;
				PRODUCT_BUNDLE_IDENTIFIER = com.zdodev.Counter;
				PRODUCT_NAME = "$(TARGET_NAME)";
				SWIFT_EMIT_LOC_STRINGS = YES;
				SWIFT_VERSION = 5.0;
				TARGETED_DEVICE_FAMILY = "1,2";
			};
			name = Debug;
		};
		847B45BB27D5D8C5006B790F /* Release */ = {
			isa = XCBuildConfiguration;
			buildSettings = {
				ASSETCATALOG_COMPILER_APPICON_NAME = AppIcon;
				ASSETCATALOG_COMPILER_GLOBAL_ACCENT_COLOR_NAME = AccentColor;
				CODE_SIGN_STYLE = Automatic;
				CURRENT_PROJECT_VERSION = 1;
				GENERATE_INFOPLIST_FILE = YES;
				INFOPLIST_FILE = Counter/Info.plist;
				INFOPLIST_KEY_UIApplicationSupportsIndirectInputEvents = YES;
				INFOPLIST_KEY_UILaunchStoryboardName = LaunchScreen;
				INFOPLIST_KEY_UIMainStoryboardFile = Main;
				INFOPLIST_KEY_UISupportedInterfaceOrientations_iPad = "UIInterfaceOrientationPortrait UIInterfaceOrientationPortraitUpsideDown UIInterfaceOrientationLandscapeLeft UIInterfaceOrientationLandscapeRight";
				INFOPLIST_KEY_UISupportedInterfaceOrientations_iPhone = "UIInterfaceOrientationPortrait UIInterfaceOrientationLandscapeLeft UIInterfaceOrientationLandscapeRight";
				LD_RUNPATH_SEARCH_PATHS = (
					"$(inherited)",
					"@executable_path/Frameworks",
				);
				MARKETING_VERSION = 1.0;
				PRODUCT_BUNDLE_IDENTIFIER = com.zdodev.Counter;
				PRODUCT_NAME = "$(TARGET_NAME)";
				SWIFT_EMIT_LOC_STRINGS = YES;
				SWIFT_VERSION = 5.0;
				TARGETED_DEVICE_FAMILY = "1,2";
			};
			name = Release;
		};
		847B45BD27D5D8C5006B790F /* Debug */ = {
			isa = XCBuildConfiguration;
			buildSettings = {
				ALWAYS_EMBED_SWIFT_STANDARD_LIBRARIES = YES;
				BUNDLE_LOADER = "$(TEST_HOST)";
				CODE_SIGN_STYLE = Automatic;
				CURRENT_PROJECT_VERSION = 1;
				GENERATE_INFOPLIST_FILE = YES;
				IPHONEOS_DEPLOYMENT_TARGET = 15.2;
				MARKETING_VERSION = 1.0;
				PRODUCT_BUNDLE_IDENTIFIER = com.zdodev.CounterTests;
				PRODUCT_NAME = "$(TARGET_NAME)";
				SWIFT_EMIT_LOC_STRINGS = NO;
				SWIFT_VERSION = 5.0;
				TARGETED_DEVICE_FAMILY = "1,2";
				TEST_HOST = "$(BUILT_PRODUCTS_DIR)/Counter.app/Counter";
			};
			name = Debug;
		};
		847B45BE27D5D8C5006B790F /* Release */ = {
			isa = XCBuildConfiguration;
			buildSettings = {
				ALWAYS_EMBED_SWIFT_STANDARD_LIBRARIES = YES;
				BUNDLE_LOADER = "$(TEST_HOST)";
				CODE_SIGN_STYLE = Automatic;
				CURRENT_PROJECT_VERSION = 1;
				GENERATE_INFOPLIST_FILE = YES;
				IPHONEOS_DEPLOYMENT_TARGET = 15.2;
				MARKETING_VERSION = 1.0;
				PRODUCT_BUNDLE_IDENTIFIER = com.zdodev.CounterTests;
				PRODUCT_NAME = "$(TARGET_NAME)";
				SWIFT_EMIT_LOC_STRINGS = NO;
				SWIFT_VERSION = 5.0;
				TARGETED_DEVICE_FAMILY = "1,2";
				TEST_HOST = "$(BUILT_PRODUCTS_DIR)/Counter.app/Counter";
			};
			name = Release;
		};
		847B45C027D5D8C5006B790F /* Debug */ = {
			isa = XCBuildConfiguration;
			buildSettings = {
				ALWAYS_EMBED_SWIFT_STANDARD_LIBRARIES = YES;
				CODE_SIGN_STYLE = Automatic;
				CURRENT_PROJECT_VERSION = 1;
				GENERATE_INFOPLIST_FILE = YES;
				MARKETING_VERSION = 1.0;
				PRODUCT_BUNDLE_IDENTIFIER = com.zdodev.CounterUITests;
				PRODUCT_NAME = "$(TARGET_NAME)";
				SWIFT_EMIT_LOC_STRINGS = NO;
				SWIFT_VERSION = 5.0;
				TARGETED_DEVICE_FAMILY = "1,2";
				TEST_TARGET_NAME = Counter;
			};
			name = Debug;
		};
		847B45C127D5D8C5006B790F /* Release */ = {
			isa = XCBuildConfiguration;
			buildSettings = {
				ALWAYS_EMBED_SWIFT_STANDARD_LIBRARIES = YES;
				CODE_SIGN_STYLE = Automatic;
				CURRENT_PROJECT_VERSION = 1;
				GENERATE_INFOPLIST_FILE = YES;
				MARKETING_VERSION = 1.0;
				PRODUCT_BUNDLE_IDENTIFIER = com.zdodev.CounterUITests;
				PRODUCT_NAME = "$(TARGET_NAME)";
				SWIFT_EMIT_LOC_STRINGS = NO;
				SWIFT_VERSION = 5.0;
				TARGETED_DEVICE_FAMILY = "1,2";
				TEST_TARGET_NAME = Counter;
			};
			name = Release;
		};
/* End XCBuildConfiguration section */

/* Begin XCConfigurationList section */
		847B458A27D5D8C3006B790F /* Build configuration list for PBXProject "Counter" */ = {
			isa = XCConfigurationList;
			buildConfigurations = (
				847B45B727D5D8C5006B790F /* Debug */,
				847B45B827D5D8C5006B790F /* Release */,
			);
			defaultConfigurationIsVisible = 0;
			defaultConfigurationName = Release;
		};
		847B45B927D5D8C5006B790F /* Build configuration list for PBXNativeTarget "Counter" */ = {
			isa = XCConfigurationList;
			buildConfigurations = (
				847B45BA27D5D8C5006B790F /* Debug */,
				847B45BB27D5D8C5006B790F /* Release */,
			);
			defaultConfigurationIsVisible = 0;
			defaultConfigurationName = Release;
		};
		847B45BC27D5D8C5006B790F /* Build configuration list for PBXNativeTarget "CounterTests" */ = {
			isa = XCConfigurationList;
			buildConfigurations = (
				847B45BD27D5D8C5006B790F /* Debug */,
				847B45BE27D5D8C5006B790F /* Release */,
			);
			defaultConfigurationIsVisible = 0;
			defaultConfigurationName = Release;
		};
		847B45BF27D5D8C5006B790F /* Build configuration list for PBXNativeTarget "CounterUITests" */ = {
			isa = XCConfigurationList;
			buildConfigurations = (
				847B45C027D5D8C5006B790F /* Debug */,
				847B45C127D5D8C5006B790F /* Release */,
			);
			defaultConfigurationIsVisible = 0;
			defaultConfigurationName = Release;
		};
/* End XCConfigurationList section */

/* Begin XCRemoteSwiftPackageReference section */
		847B45C227D5D8DC006B790F /* XCRemoteSwiftPackageReference "Then" */ = {
			isa = XCRemoteSwiftPackageReference;
			repositoryURL = "https://github.com/devxoul/Then";
			requirement = {
				branch = master;
				kind = branch;
			};
		};
		847B45C527D5D8FC006B790F /* XCRemoteSwiftPackageReference "SnapKit" */ = {
			isa = XCRemoteSwiftPackageReference;
			repositoryURL = "https://github.com/SnapKit/SnapKit";
			requirement = {
				branch = develop;
				kind = branch;
			};
		};
/* End XCRemoteSwiftPackageReference section */

/* Begin XCSwiftPackageProductDependency section */
		847B45C327D5D8DC006B790F /* Then */ = {
			isa = XCSwiftPackageProductDependency;
			package = 847B45C227D5D8DC006B790F /* XCRemoteSwiftPackageReference "Then" */;
			productName = Then;
		};
		847B45C627D5D8FC006B790F /* SnapKit-Dynamic */ = {
			isa = XCSwiftPackageProductDependency;
			package = 847B45C527D5D8FC006B790F /* XCRemoteSwiftPackageReference "SnapKit" */;
			productName = "SnapKit-Dynamic";
		};
/* End XCSwiftPackageProductDependency section */
	};
	rootObject = 847B458727D5D8C3006B790F /* Project object */;
}
