// !$*UTF8*$!
{
	archiveVersion = 1;
	classes = {
	};
	objectVersion = 55;
	objects = {

/* Begin PBXBuildFile section */
		84D2A04127BB90650034AF0F /* AppDelegate.swift in Sources */ = {isa = PBXBuildFile; fileRef = 84D2A04027BB90650034AF0F /* AppDelegate.swift */; };
		84D2A04327BB90650034AF0F /* SceneDelegate.swift in Sources */ = {isa = PBXBuildFile; fileRef = 84D2A04227BB90650034AF0F /* SceneDelegate.swift */; };
		84D2A04527BB90650034AF0F /* ViewController.swift in Sources */ = {isa = PBXBuildFile; fileRef = 84D2A04427BB90650034AF0F /* ViewController.swift */; };
		84D2A04827BB90650034AF0F /* Main.storyboard in Resources */ = {isa = PBXBuildFile; fileRef = 84D2A04627BB90650034AF0F /* Main.storyboard */; };
		84D2A04A27BB90670034AF0F /* Assets.xcassets in Resources */ = {isa = PBXBuildFile; fileRef = 84D2A04927BB90670034AF0F /* Assets.xcassets */; };
		84D2A04D27BB90670034AF0F /* LaunchScreen.storyboard in Resources */ = {isa = PBXBuildFile; fileRef = 84D2A04B27BB90670034AF0F /* LaunchScreen.storyboard */; };
		84D2A05827BB90680034AF0F /* ExampleTests.swift in Sources */ = {isa = PBXBuildFile; fileRef = 84D2A05727BB90680034AF0F /* ExampleTests.swift */; };
		84D2A06227BB90680034AF0F /* ExampleUITests.swift in Sources */ = {isa = PBXBuildFile; fileRef = 84D2A06127BB90680034AF0F /* ExampleUITests.swift */; };
		84D2A06427BB90680034AF0F /* ExampleUITestsLaunchTests.swift in Sources */ = {isa = PBXBuildFile; fileRef = 84D2A06327BB90680034AF0F /* ExampleUITestsLaunchTests.swift */; };
		84D2A07427BB90BD0034AF0F /* Movie.swift in Sources */ = {isa = PBXBuildFile; fileRef = 84D2A07327BB90BD0034AF0F /* Movie.swift */; };
		84D6C46927BDF3D900BEBD36 /* Counting.swift in Sources */ = {isa = PBXBuildFile; fileRef = 84D6C46827BDF3D900BEBD36 /* Counting.swift */; };
		84D6C46B27BDF45E00BEBD36 /* ViewModel.swift in Sources */ = {isa = PBXBuildFile; fileRef = 84D6C46A27BDF45E00BEBD36 /* ViewModel.swift */; };
/* End PBXBuildFile section */

/* Begin PBXContainerItemProxy section */
		84D2A05427BB90680034AF0F /* PBXContainerItemProxy */ = {
			isa = PBXContainerItemProxy;
			containerPortal = 84D2A03527BB90650034AF0F /* Project object */;
			proxyType = 1;
			remoteGlobalIDString = 84D2A03C27BB90650034AF0F;
			remoteInfo = Example;
		};
		84D2A05E27BB90680034AF0F /* PBXContainerItemProxy */ = {
			isa = PBXContainerItemProxy;
			containerPortal = 84D2A03527BB90650034AF0F /* Project object */;
			proxyType = 1;
			remoteGlobalIDString = 84D2A03C27BB90650034AF0F;
			remoteInfo = Example;
		};
/* End PBXContainerItemProxy section */

/* Begin PBXFileReference section */
		84D2A03D27BB90650034AF0F /* Example.app */ = {isa = PBXFileReference; explicitFileType = wrapper.application; includeInIndex = 0; path = Example.app; sourceTree = BUILT_PRODUCTS_DIR; };
		84D2A04027BB90650034AF0F /* AppDelegate.swift */ = {isa = PBXFileReference; lastKnownFileType = sourcecode.swift; path = AppDelegate.swift; sourceTree = "<group>"; };
		84D2A04227BB90650034AF0F /* SceneDelegate.swift */ = {isa = PBXFileReference; lastKnownFileType = sourcecode.swift; path = SceneDelegate.swift; sourceTree = "<group>"; };
		84D2A04427BB90650034AF0F /* ViewController.swift */ = {isa = PBXFileReference; lastKnownFileType = sourcecode.swift; path = ViewController.swift; sourceTree = "<group>"; };
		84D2A04727BB90650034AF0F /* Base */ = {isa = PBXFileReference; lastKnownFileType = file.storyboard; name = Base; path = Base.lproj/Main.storyboard; sourceTree = "<group>"; };
		84D2A04927BB90670034AF0F /* Assets.xcassets */ = {isa = PBXFileReference; lastKnownFileType = folder.assetcatalog; path = Assets.xcassets; sourceTree = "<group>"; };
		84D2A04C27BB90670034AF0F /* Base */ = {isa = PBXFileReference; lastKnownFileType = file.storyboard; name = Base; path = Base.lproj/LaunchScreen.storyboard; sourceTree = "<group>"; };
		84D2A04E27BB90670034AF0F /* Info.plist */ = {isa = PBXFileReference; lastKnownFileType = text.plist.xml; path = Info.plist; sourceTree = "<group>"; };
		84D2A05327BB90680034AF0F /* ExampleTests.xctest */ = {isa = PBXFileReference; explicitFileType = wrapper.cfbundle; includeInIndex = 0; path = ExampleTests.xctest; sourceTree = BUILT_PRODUCTS_DIR; };
		84D2A05727BB90680034AF0F /* ExampleTests.swift */ = {isa = PBXFileReference; lastKnownFileType = sourcecode.swift; path = ExampleTests.swift; sourceTree = "<group>"; };
		84D2A05D27BB90680034AF0F /* ExampleUITests.xctest */ = {isa = PBXFileReference; explicitFileType = wrapper.cfbundle; includeInIndex = 0; path = ExampleUITests.xctest; sourceTree = BUILT_PRODUCTS_DIR; };
		84D2A06127BB90680034AF0F /* ExampleUITests.swift */ = {isa = PBXFileReference; lastKnownFileType = sourcecode.swift; path = ExampleUITests.swift; sourceTree = "<group>"; };
		84D2A06327BB90680034AF0F /* ExampleUITestsLaunchTests.swift */ = {isa = PBXFileReference; lastKnownFileType = sourcecode.swift; path = ExampleUITestsLaunchTests.swift; sourceTree = "<group>"; };
		84D2A07327BB90BD0034AF0F /* Movie.swift */ = {isa = PBXFileReference; lastKnownFileType = sourcecode.swift; path = Movie.swift; sourceTree = "<group>"; };
		84D6C46827BDF3D900BEBD36 /* Counting.swift */ = {isa = PBXFileReference; lastKnownFileType = sourcecode.swift; path = Counting.swift; sourceTree = "<group>"; };
		84D6C46A27BDF45E00BEBD36 /* ViewModel.swift */ = {isa = PBXFileReference; lastKnownFileType = sourcecode.swift; path = ViewModel.swift; sourceTree = "<group>"; };
/* End PBXFileReference section */

/* Begin PBXFrameworksBuildPhase section */
		84D2A03A27BB90650034AF0F /* Frameworks */ = {
			isa = PBXFrameworksBuildPhase;
			buildActionMask = 2147483647;
			files = (
			);
			runOnlyForDeploymentPostprocessing = 0;
		};
		84D2A05027BB90680034AF0F /* Frameworks */ = {
			isa = PBXFrameworksBuildPhase;
			buildActionMask = 2147483647;
			files = (
			);
			runOnlyForDeploymentPostprocessing = 0;
		};
		84D2A05A27BB90680034AF0F /* Frameworks */ = {
			isa = PBXFrameworksBuildPhase;
			buildActionMask = 2147483647;
			files = (
			);
			runOnlyForDeploymentPostprocessing = 0;
		};
/* End PBXFrameworksBuildPhase section */

/* Begin PBXGroup section */
		84D2A03427BB90650034AF0F = {
			isa = PBXGroup;
			children = (
				84D2A03F27BB90650034AF0F /* Example */,
				84D2A05627BB90680034AF0F /* ExampleTests */,
				84D2A06027BB90680034AF0F /* ExampleUITests */,
				84D2A03E27BB90650034AF0F /* Products */,
			);
			sourceTree = "<group>";
		};
		84D2A03E27BB90650034AF0F /* Products */ = {
			isa = PBXGroup;
			children = (
				84D2A03D27BB90650034AF0F /* Example.app */,
				84D2A05327BB90680034AF0F /* ExampleTests.xctest */,
				84D2A05D27BB90680034AF0F /* ExampleUITests.xctest */,
			);
			name = Products;
			sourceTree = "<group>";
		};
		84D2A03F27BB90650034AF0F /* Example */ = {
			isa = PBXGroup;
			children = (
				84D2A07127BB90A20034AF0F /* Domain */,
				84D2A04427BB90650034AF0F /* ViewController.swift */,
				84D6C46A27BDF45E00BEBD36 /* ViewModel.swift */,
				84D6C46827BDF3D900BEBD36 /* Counting.swift */,
				84D2A04E27BB90670034AF0F /* Info.plist */,
				84D2A07027BB90930034AF0F /* Supporting Files */,
			);
			path = Example;
			sourceTree = "<group>";
		};
		84D2A05627BB90680034AF0F /* ExampleTests */ = {
			isa = PBXGroup;
			children = (
				84D2A05727BB90680034AF0F /* ExampleTests.swift */,
			);
			path = ExampleTests;
			sourceTree = "<group>";
		};
		84D2A06027BB90680034AF0F /* ExampleUITests */ = {
			isa = PBXGroup;
			children = (
				84D2A06127BB90680034AF0F /* ExampleUITests.swift */,
				84D2A06327BB90680034AF0F /* ExampleUITestsLaunchTests.swift */,
			);
			path = ExampleUITests;
			sourceTree = "<group>";
		};
		84D2A07027BB90930034AF0F /* Supporting Files */ = {
			isa = PBXGroup;
			children = (
				84D2A04027BB90650034AF0F /* AppDelegate.swift */,
				84D2A04227BB90650034AF0F /* SceneDelegate.swift */,
				84D2A04627BB90650034AF0F /* Main.storyboard */,
				84D2A04927BB90670034AF0F /* Assets.xcassets */,
				84D2A04B27BB90670034AF0F /* LaunchScreen.storyboard */,
			);
			path = "Supporting Files";
			sourceTree = "<group>";
		};
		84D2A07127BB90A20034AF0F /* Domain */ = {
			isa = PBXGroup;
			children = (
				84D2A07227BB90AE0034AF0F /* Entities */,
			);
			path = Domain;
			sourceTree = "<group>";
		};
		84D2A07227BB90AE0034AF0F /* Entities */ = {
			isa = PBXGroup;
			children = (
				84D2A07327BB90BD0034AF0F /* Movie.swift */,
			);
			path = Entities;
			sourceTree = "<group>";
		};
/* End PBXGroup section */

/* Begin PBXNativeTarget section */
		84D2A03C27BB90650034AF0F /* Example */ = {
			isa = PBXNativeTarget;
			buildConfigurationList = 84D2A06727BB90680034AF0F /* Build configuration list for PBXNativeTarget "Example" */;
			buildPhases = (
				84D2A03927BB90650034AF0F /* Sources */,
				84D2A03A27BB90650034AF0F /* Frameworks */,
				84D2A03B27BB90650034AF0F /* Resources */,
			);
			buildRules = (
			);
			dependencies = (
			);
			name = Example;
			productName = Example;
			productReference = 84D2A03D27BB90650034AF0F /* Example.app */;
			productType = "com.apple.product-type.application";
		};
		84D2A05227BB90680034AF0F /* ExampleTests */ = {
			isa = PBXNativeTarget;
			buildConfigurationList = 84D2A06A27BB90680034AF0F /* Build configuration list for PBXNativeTarget "ExampleTests" */;
			buildPhases = (
				84D2A04F27BB90680034AF0F /* Sources */,
				84D2A05027BB90680034AF0F /* Frameworks */,
				84D2A05127BB90680034AF0F /* Resources */,
			);
			buildRules = (
			);
			dependencies = (
				84D2A05527BB90680034AF0F /* PBXTargetDependency */,
			);
			name = ExampleTests;
			productName = ExampleTests;
			productReference = 84D2A05327BB90680034AF0F /* ExampleTests.xctest */;
			productType = "com.apple.product-type.bundle.unit-test";
		};
		84D2A05C27BB90680034AF0F /* ExampleUITests */ = {
			isa = PBXNativeTarget;
			buildConfigurationList = 84D2A06D27BB90680034AF0F /* Build configuration list for PBXNativeTarget "ExampleUITests" */;
			buildPhases = (
				84D2A05927BB90680034AF0F /* Sources */,
				84D2A05A27BB90680034AF0F /* Frameworks */,
				84D2A05B27BB90680034AF0F /* Resources */,
			);
			buildRules = (
			);
			dependencies = (
				84D2A05F27BB90680034AF0F /* PBXTargetDependency */,
			);
			name = ExampleUITests;
			productName = ExampleUITests;
			productReference = 84D2A05D27BB90680034AF0F /* ExampleUITests.xctest */;
			productType = "com.apple.product-type.bundle.ui-testing";
		};
/* End PBXNativeTarget section */

/* Begin PBXProject section */
		84D2A03527BB90650034AF0F /* Project object */ = {
			isa = PBXProject;
			attributes = {
				BuildIndependentTargetsInParallel = 1;
				LastSwiftUpdateCheck = 1320;
				LastUpgradeCheck = 1320;
				TargetAttributes = {
					84D2A03C27BB90650034AF0F = {
						CreatedOnToolsVersion = 13.2.1;
					};
					84D2A05227BB90680034AF0F = {
						CreatedOnToolsVersion = 13.2.1;
						TestTargetID = 84D2A03C27BB90650034AF0F;
					};
					84D2A05C27BB90680034AF0F = {
						CreatedOnToolsVersion = 13.2.1;
						TestTargetID = 84D2A03C27BB90650034AF0F;
					};
				};
			};
			buildConfigurationList = 84D2A03827BB90650034AF0F /* Build configuration list for PBXProject "Example" */;
			compatibilityVersion = "Xcode 13.0";
			developmentRegion = en;
			hasScannedForEncodings = 0;
			knownRegions = (
				en,
				Base,
			);
			mainGroup = 84D2A03427BB90650034AF0F;
			productRefGroup = 84D2A03E27BB90650034AF0F /* Products */;
			projectDirPath = "";
			projectRoot = "";
			targets = (
				84D2A03C27BB90650034AF0F /* Example */,
				84D2A05227BB90680034AF0F /* ExampleTests */,
				84D2A05C27BB90680034AF0F /* ExampleUITests */,
			);
		};
/* End PBXProject section */

/* Begin PBXResourcesBuildPhase section */
		84D2A03B27BB90650034AF0F /* Resources */ = {
			isa = PBXResourcesBuildPhase;
			buildActionMask = 2147483647;
			files = (
				84D2A04D27BB90670034AF0F /* LaunchScreen.storyboard in Resources */,
				84D2A04A27BB90670034AF0F /* Assets.xcassets in Resources */,
				84D2A04827BB90650034AF0F /* Main.storyboard in Resources */,
			);
			runOnlyForDeploymentPostprocessing = 0;
		};
		84D2A05127BB90680034AF0F /* Resources */ = {
			isa = PBXResourcesBuildPhase;
			buildActionMask = 2147483647;
			files = (
			);
			runOnlyForDeploymentPostprocessing = 0;
		};
		84D2A05B27BB90680034AF0F /* Resources */ = {
			isa = PBXResourcesBuildPhase;
			buildActionMask = 2147483647;
			files = (
			);
			runOnlyForDeploymentPostprocessing = 0;
		};
/* End PBXResourcesBuildPhase section */

/* Begin PBXSourcesBuildPhase section */
		84D2A03927BB90650034AF0F /* Sources */ = {
			isa = PBXSourcesBuildPhase;
			buildActionMask = 2147483647;
			files = (
				84D2A04527BB90650034AF0F /* ViewController.swift in Sources */,
				84D2A04127BB90650034AF0F /* AppDelegate.swift in Sources */,
				84D6C46927BDF3D900BEBD36 /* Counting.swift in Sources */,
				84D2A07427BB90BD0034AF0F /* Movie.swift in Sources */,
				84D6C46B27BDF45E00BEBD36 /* ViewModel.swift in Sources */,
				84D2A04327BB90650034AF0F /* SceneDelegate.swift in Sources */,
			);
			runOnlyForDeploymentPostprocessing = 0;
		};
		84D2A04F27BB90680034AF0F /* Sources */ = {
			isa = PBXSourcesBuildPhase;
			buildActionMask = 2147483647;
			files = (
				84D2A05827BB90680034AF0F /* ExampleTests.swift in Sources */,
			);
			runOnlyForDeploymentPostprocessing = 0;
		};
		84D2A05927BB90680034AF0F /* Sources */ = {
			isa = PBXSourcesBuildPhase;
			buildActionMask = 2147483647;
			files = (
				84D2A06227BB90680034AF0F /* ExampleUITests.swift in Sources */,
				84D2A06427BB90680034AF0F /* ExampleUITestsLaunchTests.swift in Sources */,
			);
			runOnlyForDeploymentPostprocessing = 0;
		};
/* End PBXSourcesBuildPhase section */

/* Begin PBXTargetDependency section */
		84D2A05527BB90680034AF0F /* PBXTargetDependency */ = {
			isa = PBXTargetDependency;
			target = 84D2A03C27BB90650034AF0F /* Example */;
			targetProxy = 84D2A05427BB90680034AF0F /* PBXContainerItemProxy */;
		};
		84D2A05F27BB90680034AF0F /* PBXTargetDependency */ = {
			isa = PBXTargetDependency;
			target = 84D2A03C27BB90650034AF0F /* Example */;
			targetProxy = 84D2A05E27BB90680034AF0F /* PBXContainerItemProxy */;
		};
/* End PBXTargetDependency section */

/* Begin PBXVariantGroup section */
		84D2A04627BB90650034AF0F /* Main.storyboard */ = {
			isa = PBXVariantGroup;
			children = (
				84D2A04727BB90650034AF0F /* Base */,
			);
			name = Main.storyboard;
			sourceTree = "<group>";
		};
		84D2A04B27BB90670034AF0F /* LaunchScreen.storyboard */ = {
			isa = PBXVariantGroup;
			children = (
				84D2A04C27BB90670034AF0F /* Base */,
			);
			name = LaunchScreen.storyboard;
			sourceTree = "<group>";
		};
/* End PBXVariantGroup section */

/* Begin XCBuildConfiguration section */
		84D2A06527BB90680034AF0F /* Debug */ = {
			isa = XCBuildConfiguration;
			buildSettings = {
				ALWAYS_SEARCH_USER_PATHS = NO;
				CLANG_ANALYZER_NONNULL = YES;
				CLANG_ANALYZER_NUMBER_OBJECT_CONVERSION = YES_AGGRESSIVE;
				CLANG_CXX_LANGUAGE_STANDARD = "gnu++17";
				CLANG_CXX_LIBRARY = "libc++";
				CLANG_ENABLE_MODULES = YES;
				CLANG_ENABLE_OBJC_ARC = YES;
				CLANG_ENABLE_OBJC_WEAK = YES;
				CLANG_WARN_BLOCK_CAPTURE_AUTORELEASING = YES;
				CLANG_WARN_BOOL_CONVERSION = YES;
				CLANG_WARN_COMMA = YES;
				CLANG_WARN_CONSTANT_CONVERSION = YES;
				CLANG_WARN_DEPRECATED_OBJC_IMPLEMENTATIONS = YES;
				CLANG_WARN_DIRECT_OBJC_ISA_USAGE = YES_ERROR;
				CLANG_WARN_DOCUMENTATION_COMMENTS = YES;
				CLANG_WARN_EMPTY_BODY = YES;
				CLANG_WARN_ENUM_CONVERSION = YES;
				CLANG_WARN_INFINITE_RECURSION = YES;
				CLANG_WARN_INT_CONVERSION = YES;
				CLANG_WARN_NON_LITERAL_NULL_CONVERSION = YES;
				CLANG_WARN_OBJC_IMPLICIT_RETAIN_SELF = YES;
				CLANG_WARN_OBJC_LITERAL_CONVERSION = YES;
				CLANG_WARN_OBJC_ROOT_CLASS = YES_ERROR;
				CLANG_WARN_QUOTED_INCLUDE_IN_FRAMEWORK_HEADER = YES;
				CLANG_WARN_RANGE_LOOP_ANALYSIS = YES;
				CLANG_WARN_STRICT_PROTOTYPES = YES;
				CLANG_WARN_SUSPICIOUS_MOVE = YES;
				CLANG_WARN_UNGUARDED_AVAILABILITY = YES_AGGRESSIVE;
				CLANG_WARN_UNREACHABLE_CODE = YES;
				CLANG_WARN__DUPLICATE_METHOD_MATCH = YES;
				COPY_PHASE_STRIP = NO;
				DEBUG_INFORMATION_FORMAT = dwarf;
				ENABLE_STRICT_OBJC_MSGSEND = YES;
				ENABLE_TESTABILITY = YES;
				GCC_C_LANGUAGE_STANDARD = gnu11;
				GCC_DYNAMIC_NO_PIC = NO;
				GCC_NO_COMMON_BLOCKS = YES;
				GCC_OPTIMIZATION_LEVEL = 0;
				GCC_PREPROCESSOR_DEFINITIONS = (
					"DEBUG=1",
					"$(inherited)",
				);
				GCC_WARN_64_TO_32_BIT_CONVERSION = YES;
				GCC_WARN_ABOUT_RETURN_TYPE = YES_ERROR;
				GCC_WARN_UNDECLARED_SELECTOR = YES;
				GCC_WARN_UNINITIALIZED_AUTOS = YES_AGGRESSIVE;
				GCC_WARN_UNUSED_FUNCTION = YES;
				GCC_WARN_UNUSED_VARIABLE = YES;
				IPHONEOS_DEPLOYMENT_TARGET = 15.2;
				MTL_ENABLE_DEBUG_INFO = INCLUDE_SOURCE;
				MTL_FAST_MATH = YES;
				ONLY_ACTIVE_ARCH = YES;
				SDKROOT = iphoneos;
				SWIFT_ACTIVE_COMPILATION_CONDITIONS = DEBUG;
				SWIFT_OPTIMIZATION_LEVEL = "-Onone";
			};
			name = Debug;
		};
		84D2A06627BB90680034AF0F /* Release */ = {
			isa = XCBuildConfiguration;
			buildSettings = {
				ALWAYS_SEARCH_USER_PATHS = NO;
				CLANG_ANALYZER_NONNULL = YES;
				CLANG_ANALYZER_NUMBER_OBJECT_CONVERSION = YES_AGGRESSIVE;
				CLANG_CXX_LANGUAGE_STANDARD = "gnu++17";
				CLANG_CXX_LIBRARY = "libc++";
				CLANG_ENABLE_MODULES = YES;
				CLANG_ENABLE_OBJC_ARC = YES;
				CLANG_ENABLE_OBJC_WEAK = YES;
				CLANG_WARN_BLOCK_CAPTURE_AUTORELEASING = YES;
				CLANG_WARN_BOOL_CONVERSION = YES;
				CLANG_WARN_COMMA = YES;
				CLANG_WARN_CONSTANT_CONVERSION = YES;
				CLANG_WARN_DEPRECATED_OBJC_IMPLEMENTATIONS = YES;
				CLANG_WARN_DIRECT_OBJC_ISA_USAGE = YES_ERROR;
				CLANG_WARN_DOCUMENTATION_COMMENTS = YES;
				CLANG_WARN_EMPTY_BODY = YES;
				CLANG_WARN_ENUM_CONVERSION = YES;
				CLANG_WARN_INFINITE_RECURSION = YES;
				CLANG_WARN_INT_CONVERSION = YES;
				CLANG_WARN_NON_LITERAL_NULL_CONVERSION = YES;
				CLANG_WARN_OBJC_IMPLICIT_RETAIN_SELF = YES;
				CLANG_WARN_OBJC_LITERAL_CONVERSION = YES;
				CLANG_WARN_OBJC_ROOT_CLASS = YES_ERROR;
				CLANG_WARN_QUOTED_INCLUDE_IN_FRAMEWORK_HEADER = YES;
				CLANG_WARN_RANGE_LOOP_ANALYSIS = YES;
				CLANG_WARN_STRICT_PROTOTYPES = YES;
				CLANG_WARN_SUSPICIOUS_MOVE = YES;
				CLANG_WARN_UNGUARDED_AVAILABILITY = YES_AGGRESSIVE;
				CLANG_WARN_UNREACHABLE_CODE = YES;
				CLANG_WARN__DUPLICATE_METHOD_MATCH = YES;
				COPY_PHASE_STRIP = NO;
				DEBUG_INFORMATION_FORMAT = "dwarf-with-dsym";
				ENABLE_NS_ASSERTIONS = NO;
				ENABLE_STRICT_OBJC_MSGSEND = YES;
				GCC_C_LANGUAGE_STANDARD = gnu11;
				GCC_NO_COMMON_BLOCKS = YES;
				GCC_WARN_64_TO_32_BIT_CONVERSION = YES;
				GCC_WARN_ABOUT_RETURN_TYPE = YES_ERROR;
				GCC_WARN_UNDECLARED_SELECTOR = YES;
				GCC_WARN_UNINITIALIZED_AUTOS = YES_AGGRESSIVE;
				GCC_WARN_UNUSED_FUNCTION = YES;
				GCC_WARN_UNUSED_VARIABLE = YES;
				IPHONEOS_DEPLOYMENT_TARGET = 15.2;
				MTL_ENABLE_DEBUG_INFO = NO;
				MTL_FAST_MATH = YES;
				SDKROOT = iphoneos;
				SWIFT_COMPILATION_MODE = wholemodule;
				SWIFT_OPTIMIZATION_LEVEL = "-O";
				VALIDATE_PRODUCT = YES;
			};
			name = Release;
		};
		84D2A06827BB90680034AF0F /* Debug */ = {
			isa = XCBuildConfiguration;
			buildSettings = {
				ASSETCATALOG_COMPILER_APPICON_NAME = AppIcon;
				ASSETCATALOG_COMPILER_GLOBAL_ACCENT_COLOR_NAME = AccentColor;
				CODE_SIGN_STYLE = Automatic;
				CURRENT_PROJECT_VERSION = 1;
				DEVELOPMENT_TEAM = LXCT2BPL62;
				GENERATE_INFOPLIST_FILE = YES;
				INFOPLIST_FILE = Example/Info.plist;
				INFOPLIST_KEY_UIApplicationSupportsIndirectInputEvents = YES;
				INFOPLIST_KEY_UILaunchStoryboardName = LaunchScreen;
				INFOPLIST_KEY_UIMainStoryboardFile = Main;
				INFOPLIST_KEY_UISupportedInterfaceOrientations_iPad = "UIInterfaceOrientationPortrait UIInterfaceOrientationPortraitUpsideDown UIInterfaceOrientationLandscapeLeft UIInterfaceOrientationLandscapeRight";
				INFOPLIST_KEY_UISupportedInterfaceOrientations_iPhone = "UIInterfaceOrientationPortrait UIInterfaceOrientationLandscapeLeft UIInterfaceOrientationLandscapeRight";
				LD_RUNPATH_SEARCH_PATHS = (
					"$(inherited)",
					"@executable_path/Frameworks",
				);
				MARKETING_VERSION = 1.0;
				PRODUCT_BUNDLE_IDENTIFIER = com.zdo.Example;
				PRODUCT_NAME = "$(TARGET_NAME)";
				SWIFT_EMIT_LOC_STRINGS = YES;
				SWIFT_VERSION = 5.0;
				TARGETED_DEVICE_FAMILY = "1,2";
			};
			name = Debug;
		};
		84D2A06927BB90680034AF0F /* Release */ = {
			isa = XCBuildConfiguration;
			buildSettings = {
				ASSETCATALOG_COMPILER_APPICON_NAME = AppIcon;
				ASSETCATALOG_COMPILER_GLOBAL_ACCENT_COLOR_NAME = AccentColor;
				CODE_SIGN_STYLE = Automatic;
				CURRENT_PROJECT_VERSION = 1;
				DEVELOPMENT_TEAM = LXCT2BPL62;
				GENERATE_INFOPLIST_FILE = YES;
				INFOPLIST_FILE = Example/Info.plist;
				INFOPLIST_KEY_UIApplicationSupportsIndirectInputEvents = YES;
				INFOPLIST_KEY_UILaunchStoryboardName = LaunchScreen;
				INFOPLIST_KEY_UIMainStoryboardFile = Main;
				INFOPLIST_KEY_UISupportedInterfaceOrientations_iPad = "UIInterfaceOrientationPortrait UIInterfaceOrientationPortraitUpsideDown UIInterfaceOrientationLandscapeLeft UIInterfaceOrientationLandscapeRight";
				INFOPLIST_KEY_UISupportedInterfaceOrientations_iPhone = "UIInterfaceOrientationPortrait UIInterfaceOrientationLandscapeLeft UIInterfaceOrientationLandscapeRight";
				LD_RUNPATH_SEARCH_PATHS = (
					"$(inherited)",
					"@executable_path/Frameworks",
				);
				MARKETING_VERSION = 1.0;
				PRODUCT_BUNDLE_IDENTIFIER = com.zdo.Example;
				PRODUCT_NAME = "$(TARGET_NAME)";
				SWIFT_EMIT_LOC_STRINGS = YES;
				SWIFT_VERSION = 5.0;
				TARGETED_DEVICE_FAMILY = "1,2";
			};
			name = Release;
		};
		84D2A06B27BB90680034AF0F /* Debug */ = {
			isa = XCBuildConfiguration;
			buildSettings = {
				ALWAYS_EMBED_SWIFT_STANDARD_LIBRARIES = YES;
				BUNDLE_LOADER = "$(TEST_HOST)";
				CODE_SIGN_STYLE = Automatic;
				CURRENT_PROJECT_VERSION = 1;
				DEVELOPMENT_TEAM = LXCT2BPL62;
				GENERATE_INFOPLIST_FILE = YES;
				IPHONEOS_DEPLOYMENT_TARGET = 15.2;
				MARKETING_VERSION = 1.0;
				PRODUCT_BUNDLE_IDENTIFIER = com.zdo.ExampleTests;
				PRODUCT_NAME = "$(TARGET_NAME)";
				SWIFT_EMIT_LOC_STRINGS = NO;
				SWIFT_VERSION = 5.0;
				TARGETED_DEVICE_FAMILY = "1,2";
				TEST_HOST = "$(BUILT_PRODUCTS_DIR)/Example.app/Example";
			};
			name = Debug;
		};
		84D2A06C27BB90680034AF0F /* Release */ = {
			isa = XCBuildConfiguration;
			buildSettings = {
				ALWAYS_EMBED_SWIFT_STANDARD_LIBRARIES = YES;
				BUNDLE_LOADER = "$(TEST_HOST)";
				CODE_SIGN_STYLE = Automatic;
				CURRENT_PROJECT_VERSION = 1;
				DEVELOPMENT_TEAM = LXCT2BPL62;
				GENERATE_INFOPLIST_FILE = YES;
				IPHONEOS_DEPLOYMENT_TARGET = 15.2;
				MARKETING_VERSION = 1.0;
				PRODUCT_BUNDLE_IDENTIFIER = com.zdo.ExampleTests;
				PRODUCT_NAME = "$(TARGET_NAME)";
				SWIFT_EMIT_LOC_STRINGS = NO;
				SWIFT_VERSION = 5.0;
				TARGETED_DEVICE_FAMILY = "1,2";
				TEST_HOST = "$(BUILT_PRODUCTS_DIR)/Example.app/Example";
			};
			name = Release;
		};
		84D2A06E27BB90680034AF0F /* Debug */ = {
			isa = XCBuildConfiguration;
			buildSettings = {
				ALWAYS_EMBED_SWIFT_STANDARD_LIBRARIES = YES;
				CODE_SIGN_STYLE = Automatic;
				CURRENT_PROJECT_VERSION = 1;
				DEVELOPMENT_TEAM = LXCT2BPL62;
				GENERATE_INFOPLIST_FILE = YES;
				MARKETING_VERSION = 1.0;
				PRODUCT_BUNDLE_IDENTIFIER = com.zdo.ExampleUITests;
				PRODUCT_NAME = "$(TARGET_NAME)";
				SWIFT_EMIT_LOC_STRINGS = NO;
				SWIFT_VERSION = 5.0;
				TARGETED_DEVICE_FAMILY = "1,2";
				TEST_TARGET_NAME = Example;
			};
			name = Debug;
		};
		84D2A06F27BB90680034AF0F /* Release */ = {
			isa = XCBuildConfiguration;
			buildSettings = {
				ALWAYS_EMBED_SWIFT_STANDARD_LIBRARIES = YES;
				CODE_SIGN_STYLE = Automatic;
				CURRENT_PROJECT_VERSION = 1;
				DEVELOPMENT_TEAM = LXCT2BPL62;
				GENERATE_INFOPLIST_FILE = YES;
				MARKETING_VERSION = 1.0;
				PRODUCT_BUNDLE_IDENTIFIER = com.zdo.ExampleUITests;
				PRODUCT_NAME = "$(TARGET_NAME)";
				SWIFT_EMIT_LOC_STRINGS = NO;
				SWIFT_VERSION = 5.0;
				TARGETED_DEVICE_FAMILY = "1,2";
				TEST_TARGET_NAME = Example;
			};
			name = Release;
		};
/* End XCBuildConfiguration section */

/* Begin XCConfigurationList section */
		84D2A03827BB90650034AF0F /* Build configuration list for PBXProject "Example" */ = {
			isa = XCConfigurationList;
			buildConfigurations = (
				84D2A06527BB90680034AF0F /* Debug */,
				84D2A06627BB90680034AF0F /* Release */,
			);
			defaultConfigurationIsVisible = 0;
			defaultConfigurationName = Release;
		};
		84D2A06727BB90680034AF0F /* Build configuration list for PBXNativeTarget "Example" */ = {
			isa = XCConfigurationList;
			buildConfigurations = (
				84D2A06827BB90680034AF0F /* Debug */,
				84D2A06927BB90680034AF0F /* Release */,
			);
			defaultConfigurationIsVisible = 0;
			defaultConfigurationName = Release;
		};
		84D2A06A27BB90680034AF0F /* Build configuration list for PBXNativeTarget "ExampleTests" */ = {
			isa = XCConfigurationList;
			buildConfigurations = (
				84D2A06B27BB90680034AF0F /* Debug */,
				84D2A06C27BB90680034AF0F /* Release */,
			);
			defaultConfigurationIsVisible = 0;
			defaultConfigurationName = Release;
		};
		84D2A06D27BB90680034AF0F /* Build configuration list for PBXNativeTarget "ExampleUITests" */ = {
			isa = XCConfigurationList;
			buildConfigurations = (
				84D2A06E27BB90680034AF0F /* Debug */,
				84D2A06F27BB90680034AF0F /* Release */,
			);
			defaultConfigurationIsVisible = 0;
			defaultConfigurationName = Release;
		};
/* End XCConfigurationList section */
	};
	rootObject = 84D2A03527BB90650034AF0F /* Project object */;
}
