// !$*UTF8*$!
{
	archiveVersion = 1;
	classes = {
	};
	objectVersion = 55;
	objects = {

/* Begin PBXBuildFile section */
		41E6CF7A270E01B100955E13 /* AppDelegate.swift in Sources */ = {isa = PBXBuildFile; fileRef = 41E6CF79270E01B100955E13 /* AppDelegate.swift */; };
		41E6CF7C270E01B100955E13 /* SceneDelegate.swift in Sources */ = {isa = PBXBuildFile; fileRef = 41E6CF7B270E01B100955E13 /* SceneDelegate.swift */; };
		41E6CF7E270E01B100955E13 /* ViewController.swift in Sources */ = {isa = PBXBuildFile; fileRef = 41E6CF7D270E01B100955E13 /* ViewController.swift */; };
		41E6CF81270E01B100955E13 /* Main.storyboard in Resources */ = {isa = PBXBuildFile; fileRef = 41E6CF7F270E01B100955E13 /* Main.storyboard */; };
		41E6CF83270E01B300955E13 /* Assets.xcassets in Resources */ = {isa = PBXBuildFile; fileRef = 41E6CF82270E01B300955E13 /* Assets.xcassets */; };
		41E6CF86270E01B300955E13 /* LaunchScreen.storyboard in Resources */ = {isa = PBXBuildFile; fileRef = 41E6CF84270E01B300955E13 /* LaunchScreen.storyboard */; };
		41E6CF8F270E027300955E13 /* ReactorKit in Frameworks */ = {isa = PBXBuildFile; productRef = 41E6CF8E270E027300955E13 /* ReactorKit */; };
		41E6CF92270E028A00955E13 /* RxCocoa in Frameworks */ = {isa = PBXBuildFile; productRef = 41E6CF91270E028A00955E13 /* RxCocoa */; };
		41E7B4B5271A9CD5000C6D80 /* CounterViewReactor.swift in Sources */ = {isa = PBXBuildFile; fileRef = 41E7B4B4271A9CD5000C6D80 /* CounterViewReactor.swift */; };
/* End PBXBuildFile section */

/* Begin PBXFileReference section */
		41E6CF76270E01B100955E13 /* ReactorKitTutorial.app */ = {isa = PBXFileReference; explicitFileType = wrapper.application; includeInIndex = 0; path = ReactorKitTutorial.app; sourceTree = BUILT_PRODUCTS_DIR; };
		41E6CF79270E01B100955E13 /* AppDelegate.swift */ = {isa = PBXFileReference; lastKnownFileType = sourcecode.swift; path = AppDelegate.swift; sourceTree = "<group>"; };
		41E6CF7B270E01B100955E13 /* SceneDelegate.swift */ = {isa = PBXFileReference; lastKnownFileType = sourcecode.swift; path = SceneDelegate.swift; sourceTree = "<group>"; };
		41E6CF7D270E01B100955E13 /* ViewController.swift */ = {isa = PBXFileReference; lastKnownFileType = sourcecode.swift; path = ViewController.swift; sourceTree = "<group>"; };
		41E6CF80270E01B100955E13 /* Base */ = {isa = PBXFileReference; lastKnownFileType = file.storyboard; name = Base; path = Base.lproj/Main.storyboard; sourceTree = "<group>"; };
		41E6CF82270E01B300955E13 /* Assets.xcassets */ = {isa = PBXFileReference; lastKnownFileType = folder.assetcatalog; path = Assets.xcassets; sourceTree = "<group>"; };
		41E6CF85270E01B300955E13 /* Base */ = {isa = PBXFileReference; lastKnownFileType = file.storyboard; name = Base; path = Base.lproj/LaunchScreen.storyboard; sourceTree = "<group>"; };
		41E6CF87270E01B300955E13 /* Info.plist */ = {isa = PBXFileReference; lastKnownFileType = text.plist.xml; path = Info.plist; sourceTree = "<group>"; };
		41E7B4B4271A9CD5000C6D80 /* CounterViewReactor.swift */ = {isa = PBXFileReference; lastKnownFileType = sourcecode.swift; path = CounterViewReactor.swift; sourceTree = "<group>"; };
/* End PBXFileReference section */

/* Begin PBXFrameworksBuildPhase section */
		41E6CF73270E01B100955E13 /* Frameworks */ = {
			isa = PBXFrameworksBuildPhase;
			buildActionMask = 2147483647;
			files = (
				41E6CF92270E028A00955E13 /* RxCocoa in Frameworks */,
				41E6CF8F270E027300955E13 /* ReactorKit in Frameworks */,
			);
			runOnlyForDeploymentPostprocessing = 0;
		};
/* End PBXFrameworksBuildPhase section */

/* Begin PBXGroup section */
		41E6CF6D270E01B100955E13 = {
			isa = PBXGroup;
			children = (
				41E6CF78270E01B100955E13 /* ReactorKitTutorial */,
				41E6CF77270E01B100955E13 /* Products */,
			);
			sourceTree = "<group>";
		};
		41E6CF77270E01B100955E13 /* Products */ = {
			isa = PBXGroup;
			children = (
				41E6CF76270E01B100955E13 /* ReactorKitTutorial.app */,
			);
			name = Products;
			sourceTree = "<group>";
		};
		41E6CF78270E01B100955E13 /* ReactorKitTutorial */ = {
			isa = PBXGroup;
			children = (
				41E6CF79270E01B100955E13 /* AppDelegate.swift */,
				41E6CF7B270E01B100955E13 /* SceneDelegate.swift */,
				41E6CF7D270E01B100955E13 /* ViewController.swift */,
				41E7B4B4271A9CD5000C6D80 /* CounterViewReactor.swift */,
				41E6CF7F270E01B100955E13 /* Main.storyboard */,
				41E6CF82270E01B300955E13 /* Assets.xcassets */,
				41E6CF84270E01B300955E13 /* LaunchScreen.storyboard */,
				41E6CF87270E01B300955E13 /* Info.plist */,
			);
			path = ReactorKitTutorial;
			sourceTree = "<group>";
		};
/* End PBXGroup section */

/* Begin PBXNativeTarget section */
		41E6CF75270E01B100955E13 /* ReactorKitTutorial */ = {
			isa = PBXNativeTarget;
			buildConfigurationList = 41E6CF8A270E01B300955E13 /* Build configuration list for PBXNativeTarget "ReactorKitTutorial" */;
			buildPhases = (
				41E6CF72270E01B100955E13 /* Sources */,
				41E6CF73270E01B100955E13 /* Frameworks */,
				41E6CF74270E01B100955E13 /* Resources */,
			);
			buildRules = (
			);
			dependencies = (
			);
			name = ReactorKitTutorial;
			packageProductDependencies = (
				41E6CF8E270E027300955E13 /* ReactorKit */,
				41E6CF91270E028A00955E13 /* RxCocoa */,
			);
			productName = ReactorKitTutorial;
			productReference = 41E6CF76270E01B100955E13 /* ReactorKitTutorial.app */;
			productType = "com.apple.product-type.application";
		};
/* End PBXNativeTarget section */

/* Begin PBXProject section */
		41E6CF6E270E01B100955E13 /* Project object */ = {
			isa = PBXProject;
			attributes = {
				BuildIndependentTargetsInParallel = 1;
				LastSwiftUpdateCheck = 1300;
				LastUpgradeCheck = 1300;
				TargetAttributes = {
					41E6CF75270E01B100955E13 = {
						CreatedOnToolsVersion = 13.0;
					};
				};
			};
			buildConfigurationList = 41E6CF71270E01B100955E13 /* Build configuration list for PBXProject "ReactorKitTutorial" */;
			compatibilityVersion = "Xcode 13.0";
			developmentRegion = en;
			hasScannedForEncodings = 0;
			knownRegions = (
				en,
				Base,
			);
			mainGroup = 41E6CF6D270E01B100955E13;
			packageReferences = (
				41E6CF8D270E027300955E13 /* XCRemoteSwiftPackageReference "ReactorKit" */,
				41E6CF90270E028A00955E13 /* XCRemoteSwiftPackageReference "RxSwift" */,
			);
			productRefGroup = 41E6CF77270E01B100955E13 /* Products */;
			projectDirPath = "";
			projectRoot = "";
			targets = (
				41E6CF75270E01B100955E13 /* ReactorKitTutorial */,
			);
		};
/* End PBXProject section */

/* Begin PBXResourcesBuildPhase section */
		41E6CF74270E01B100955E13 /* Resources */ = {
			isa = PBXResourcesBuildPhase;
			buildActionMask = 2147483647;
			files = (
				41E6CF86270E01B300955E13 /* LaunchScreen.storyboard in Resources */,
				41E6CF83270E01B300955E13 /* Assets.xcassets in Resources */,
				41E6CF81270E01B100955E13 /* Main.storyboard in Resources */,
			);
			runOnlyForDeploymentPostprocessing = 0;
		};
/* End PBXResourcesBuildPhase section */

/* Begin PBXSourcesBuildPhase section */
		41E6CF72270E01B100955E13 /* Sources */ = {
			isa = PBXSourcesBuildPhase;
			buildActionMask = 2147483647;
			files = (
				41E6CF7E270E01B100955E13 /* ViewController.swift in Sources */,
				41E6CF7A270E01B100955E13 /* AppDelegate.swift in Sources */,
				41E7B4B5271A9CD5000C6D80 /* CounterViewReactor.swift in Sources */,
				41E6CF7C270E01B100955E13 /* SceneDelegate.swift in Sources */,
			);
			runOnlyForDeploymentPostprocessing = 0;
		};
/* End PBXSourcesBuildPhase section */

/* Begin PBXVariantGroup section */
		41E6CF7F270E01B100955E13 /* Main.storyboard */ = {
			isa = PBXVariantGroup;
			children = (
				41E6CF80270E01B100955E13 /* Base */,
			);
			name = Main.storyboard;
			sourceTree = "<group>";
		};
		41E6CF84270E01B300955E13 /* LaunchScreen.storyboard */ = {
			isa = PBXVariantGroup;
			children = (
				41E6CF85270E01B300955E13 /* Base */,
			);
			name = LaunchScreen.storyboard;
			sourceTree = "<group>";
		};
/* End PBXVariantGroup section */

/* Begin XCBuildConfiguration section */
		41E6CF88270E01B300955E13 /* Debug */ = {
			isa = XCBuildConfiguration;
			buildSettings = {
				ALWAYS_SEARCH_USER_PATHS = NO;
				CLANG_ANALYZER_NONNULL = YES;
				CLANG_ANALYZER_NUMBER_OBJECT_CONVERSION = YES_AGGRESSIVE;
				CLANG_CXX_LANGUAGE_STANDARD = "gnu++17";
				CLANG_CXX_LIBRARY = "libc++";
				CLANG_ENABLE_MODULES = YES;
				CLANG_ENABLE_OBJC_ARC = YES;
				CLANG_ENABLE_OBJC_WEAK = YES;
				CLANG_WARN_BLOCK_CAPTURE_AUTORELEASING = YES;
				CLANG_WARN_BOOL_CONVERSION = YES;
				CLANG_WARN_COMMA = YES;
				CLANG_WARN_CONSTANT_CONVERSION = YES;
				CLANG_WARN_DEPRECATED_OBJC_IMPLEMENTATIONS = YES;
				CLANG_WARN_DIRECT_OBJC_ISA_USAGE = YES_ERROR;
				CLANG_WARN_DOCUMENTATION_COMMENTS = YES;
				CLANG_WARN_EMPTY_BODY = YES;
				CLANG_WARN_ENUM_CONVERSION = YES;
				CLANG_WARN_INFINITE_RECURSION = YES;
				CLANG_WARN_INT_CONVERSION = YES;
				CLANG_WARN_NON_LITERAL_NULL_CONVERSION = YES;
				CLANG_WARN_OBJC_IMPLICIT_RETAIN_SELF = YES;
				CLANG_WARN_OBJC_LITERAL_CONVERSION = YES;
				CLANG_WARN_OBJC_ROOT_CLASS = YES_ERROR;
				CLANG_WARN_QUOTED_INCLUDE_IN_FRAMEWORK_HEADER = YES;
				CLANG_WARN_RANGE_LOOP_ANALYSIS = YES;
				CLANG_WARN_STRICT_PROTOTYPES = YES;
				CLANG_WARN_SUSPICIOUS_MOVE = YES;
				CLANG_WARN_UNGUARDED_AVAILABILITY = YES_AGGRESSIVE;
				CLANG_WARN_UNREACHABLE_CODE = YES;
				CLANG_WARN__DUPLICATE_METHOD_MATCH = YES;
				COPY_PHASE_STRIP = NO;
				DEBUG_INFORMATION_FORMAT = dwarf;
				ENABLE_STRICT_OBJC_MSGSEND = YES;
				ENABLE_TESTABILITY = YES;
				GCC_C_LANGUAGE_STANDARD = gnu11;
				GCC_DYNAMIC_NO_PIC = NO;
				GCC_NO_COMMON_BLOCKS = YES;
				GCC_OPTIMIZATION_LEVEL = 0;
				GCC_PREPROCESSOR_DEFINITIONS = (
					"DEBUG=1",
					"$(inherited)",
				);
				GCC_WARN_64_TO_32_BIT_CONVERSION = YES;
				GCC_WARN_ABOUT_RETURN_TYPE = YES_ERROR;
				GCC_WARN_UNDECLARED_SELECTOR = YES;
				GCC_WARN_UNINITIALIZED_AUTOS = YES_AGGRESSIVE;
				GCC_WARN_UNUSED_FUNCTION = YES;
				GCC_WARN_UNUSED_VARIABLE = YES;
				IPHONEOS_DEPLOYMENT_TARGET = 15.0;
				MTL_ENABLE_DEBUG_INFO = INCLUDE_SOURCE;
				MTL_FAST_MATH = YES;
				ONLY_ACTIVE_ARCH = YES;
				SDKROOT = iphoneos;
				SWIFT_ACTIVE_COMPILATION_CONDITIONS = DEBUG;
				SWIFT_OPTIMIZATION_LEVEL = "-Onone";
			};
			name = Debug;
		};
		41E6CF89270E01B300955E13 /* Release */ = {
			isa = XCBuildConfiguration;
			buildSettings = {
				ALWAYS_SEARCH_USER_PATHS = NO;
				CLANG_ANALYZER_NONNULL = YES;
				CLANG_ANALYZER_NUMBER_OBJECT_CONVERSION = YES_AGGRESSIVE;
				CLANG_CXX_LANGUAGE_STANDARD = "gnu++17";
				CLANG_CXX_LIBRARY = "libc++";
				CLANG_ENABLE_MODULES = YES;
				CLANG_ENABLE_OBJC_ARC = YES;
				CLANG_ENABLE_OBJC_WEAK = YES;
				CLANG_WARN_BLOCK_CAPTURE_AUTORELEASING = YES;
				CLANG_WARN_BOOL_CONVERSION = YES;
				CLANG_WARN_COMMA = YES;
				CLANG_WARN_CONSTANT_CONVERSION = YES;
				CLANG_WARN_DEPRECATED_OBJC_IMPLEMENTATIONS = YES;
				CLANG_WARN_DIRECT_OBJC_ISA_USAGE = YES_ERROR;
				CLANG_WARN_DOCUMENTATION_COMMENTS = YES;
				CLANG_WARN_EMPTY_BODY = YES;
				CLANG_WARN_ENUM_CONVERSION = YES;
				CLANG_WARN_INFINITE_RECURSION = YES;
				CLANG_WARN_INT_CONVERSION = YES;
				CLANG_WARN_NON_LITERAL_NULL_CONVERSION = YES;
				CLANG_WARN_OBJC_IMPLICIT_RETAIN_SELF = YES;
				CLANG_WARN_OBJC_LITERAL_CONVERSION = YES;
				CLANG_WARN_OBJC_ROOT_CLASS = YES_ERROR;
				CLANG_WARN_QUOTED_INCLUDE_IN_FRAMEWORK_HEADER = YES;
				CLANG_WARN_RANGE_LOOP_ANALYSIS = YES;
				CLANG_WARN_STRICT_PROTOTYPES = YES;
				CLANG_WARN_SUSPICIOUS_MOVE = YES;
				CLANG_WARN_UNGUARDED_AVAILABILITY = YES_AGGRESSIVE;
				CLANG_WARN_UNREACHABLE_CODE = YES;
				CLANG_WARN__DUPLICATE_METHOD_MATCH = YES;
				COPY_PHASE_STRIP = NO;
				DEBUG_INFORMATION_FORMAT = "dwarf-with-dsym";
				ENABLE_NS_ASSERTIONS = NO;
				ENABLE_STRICT_OBJC_MSGSEND = YES;
				GCC_C_LANGUAGE_STANDARD = gnu11;
				GCC_NO_COMMON_BLOCKS = YES;
				GCC_WARN_64_TO_32_BIT_CONVERSION = YES;
				GCC_WARN_ABOUT_RETURN_TYPE = YES_ERROR;
				GCC_WARN_UNDECLARED_SELECTOR = YES;
				GCC_WARN_UNINITIALIZED_AUTOS = YES_AGGRESSIVE;
				GCC_WARN_UNUSED_FUNCTION = YES;
				GCC_WARN_UNUSED_VARIABLE = YES;
				IPHONEOS_DEPLOYMENT_TARGET = 15.0;
				MTL_ENABLE_DEBUG_INFO = NO;
				MTL_FAST_MATH = YES;
				SDKROOT = iphoneos;
				SWIFT_COMPILATION_MODE = wholemodule;
				SWIFT_OPTIMIZATION_LEVEL = "-O";
				VALIDATE_PRODUCT = YES;
			};
			name = Release;
		};
		41E6CF8B270E01B300955E13 /* Debug */ = {
			isa = XCBuildConfiguration;
			buildSettings = {
				ASSETCATALOG_COMPILER_APPICON_NAME = AppIcon;
				ASSETCATALOG_COMPILER_GLOBAL_ACCENT_COLOR_NAME = AccentColor;
				CODE_SIGN_STYLE = Automatic;
				CURRENT_PROJECT_VERSION = 1;
				GENERATE_INFOPLIST_FILE = YES;
				INFOPLIST_FILE = ReactorKitTutorial/Info.plist;
				INFOPLIST_KEY_UIApplicationSupportsIndirectInputEvents = YES;
				INFOPLIST_KEY_UILaunchStoryboardName = LaunchScreen;
				INFOPLIST_KEY_UIMainStoryboardFile = Main;
				INFOPLIST_KEY_UISupportedInterfaceOrientations_iPad = "UIInterfaceOrientationPortrait UIInterfaceOrientationPortraitUpsideDown UIInterfaceOrientationLandscapeLeft UIInterfaceOrientationLandscapeRight";
				INFOPLIST_KEY_UISupportedInterfaceOrientations_iPhone = "UIInterfaceOrientationPortrait UIInterfaceOrientationLandscapeLeft UIInterfaceOrientationLandscapeRight";
				LD_RUNPATH_SEARCH_PATHS = (
					"$(inherited)",
					"@executable_path/Frameworks",
				);
				MARKETING_VERSION = 1.0;
				PRODUCT_BUNDLE_IDENTIFIER = zdodev.ReactorKitTutorial;
				PRODUCT_NAME = "$(TARGET_NAME)";
				SWIFT_EMIT_LOC_STRINGS = YES;
				SWIFT_VERSION = 5.0;
				TARGETED_DEVICE_FAMILY = "1,2";
			};
			name = Debug;
		};
		41E6CF8C270E01B300955E13 /* Release */ = {
			isa = XCBuildConfiguration;
			buildSettings = {
				ASSETCATALOG_COMPILER_APPICON_NAME = AppIcon;
				ASSETCATALOG_COMPILER_GLOBAL_ACCENT_COLOR_NAME = AccentColor;
				CODE_SIGN_STYLE = Automatic;
				CURRENT_PROJECT_VERSION = 1;
				GENERATE_INFOPLIST_FILE = YES;
				INFOPLIST_FILE = ReactorKitTutorial/Info.plist;
				INFOPLIST_KEY_UIApplicationSupportsIndirectInputEvents = YES;
				INFOPLIST_KEY_UILaunchStoryboardName = LaunchScreen;
				INFOPLIST_KEY_UIMainStoryboardFile = Main;
				INFOPLIST_KEY_UISupportedInterfaceOrientations_iPad = "UIInterfaceOrientationPortrait UIInterfaceOrientationPortraitUpsideDown UIInterfaceOrientationLandscapeLeft UIInterfaceOrientationLandscapeRight";
				INFOPLIST_KEY_UISupportedInterfaceOrientations_iPhone = "UIInterfaceOrientationPortrait UIInterfaceOrientationLandscapeLeft UIInterfaceOrientationLandscapeRight";
				LD_RUNPATH_SEARCH_PATHS = (
					"$(inherited)",
					"@executable_path/Frameworks",
				);
				MARKETING_VERSION = 1.0;
				PRODUCT_BUNDLE_IDENTIFIER = zdodev.ReactorKitTutorial;
				PRODUCT_NAME = "$(TARGET_NAME)";
				SWIFT_EMIT_LOC_STRINGS = YES;
				SWIFT_VERSION = 5.0;
				TARGETED_DEVICE_FAMILY = "1,2";
			};
			name = Release;
		};
/* End XCBuildConfiguration section */

/* Begin XCConfigurationList section */
		41E6CF71270E01B100955E13 /* Build configuration list for PBXProject "ReactorKitTutorial" */ = {
			isa = XCConfigurationList;
			buildConfigurations = (
				41E6CF88270E01B300955E13 /* Debug */,
				41E6CF89270E01B300955E13 /* Release */,
			);
			defaultConfigurationIsVisible = 0;
			defaultConfigurationName = Release;
		};
		41E6CF8A270E01B300955E13 /* Build configuration list for PBXNativeTarget "ReactorKitTutorial" */ = {
			isa = XCConfigurationList;
			buildConfigurations = (
				41E6CF8B270E01B300955E13 /* Debug */,
				41E6CF8C270E01B300955E13 /* Release */,
			);
			defaultConfigurationIsVisible = 0;
			defaultConfigurationName = Release;
		};
/* End XCConfigurationList section */

/* Begin XCRemoteSwiftPackageReference section */
		41E6CF8D270E027300955E13 /* XCRemoteSwiftPackageReference "ReactorKit" */ = {
			isa = XCRemoteSwiftPackageReference;
			repositoryURL = "https://github.com/ReactorKit/ReactorKit.git";
			requirement = {
				kind = upToNextMinorVersion;
				minimumVersion = 3.1.0;
			};
		};
		41E6CF90270E028A00955E13 /* XCRemoteSwiftPackageReference "RxSwift" */ = {
			isa = XCRemoteSwiftPackageReference;
			repositoryURL = "https://github.com/ReactiveX/RxSwift.git";
			requirement = {
				kind = upToNextMinorVersion;
				minimumVersion = 6.2.0;
			};
		};
/* End XCRemoteSwiftPackageReference section */

/* Begin XCSwiftPackageProductDependency section */
		41E6CF8E270E027300955E13 /* ReactorKit */ = {
			isa = XCSwiftPackageProductDependency;
			package = 41E6CF8D270E027300955E13 /* XCRemoteSwiftPackageReference "ReactorKit" */;
			productName = ReactorKit;
		};
		41E6CF91270E028A00955E13 /* RxCocoa */ = {
			isa = XCSwiftPackageProductDependency;
			package = 41E6CF90270E028A00955E13 /* XCRemoteSwiftPackageReference "RxSwift" */;
			productName = RxCocoa;
		};
/* End XCSwiftPackageProductDependency section */
	};
	rootObject = 41E6CF6E270E01B100955E13 /* Project object */;
}
